
Microsoft Visual Studio Solution File, Format Version 12.00
# Visual Studio 14
VisualStudioVersion = 14.0.22823.1
MinimumVisualStudioVersion = 10.0.40219.1
Project("{8BC9CEB8-8B4A-11D0-8D11-00A0C91BC942}") = "leveldb", "..\..\experimental\leveldb\leveldb.vcxproj", "{D1A5570F-42C4-4DF1-B0D0-6F5AFE433F8F}"
EndProject
Project("{FAE04EC0-301F-11D3-BF4B-00C04F79EFBC}") = "leveldb-sharp", "..\..\experimental\leveldb-sharp\leveldb-sharp.csproj", "{8DD96596-38AC-46DD-80C1-75D9EBE585EA}"
EndProject
Project("{8BC9CEB8-8B4A-11D0-8D11-00A0C91BC942}") = "Secp256k1.NET", "..\..\experimental\Secp256k1.NET\Secp256k1.NET.vcxproj", "{FC8F0BD7-6066-4E47-AA84-E48DD0BEB46D}"
EndProject
Project("{F2A71F9B-5D33-465A-A702-920D77279786}") = "bitcoinfs", "bitcoinfs\bitcoinfs.fsproj", "{D073C2CE-3111-40EF-A2BE-D50BED1DF9FE}"
EndProject
Global
	GlobalSection(SolutionConfigurationPlatforms) = preSolution
		Debug|Any CPU = Debug|Any CPU
		Debug|Mixed Platforms = Debug|Mixed Platforms
		Debug|Win32 = Debug|Win32
		Debug|x64 = Debug|x64
		MinSizeRel|Any CPU = MinSizeRel|Any CPU
		MinSizeRel|Mixed Platforms = MinSizeRel|Mixed Platforms
		MinSizeRel|Win32 = MinSizeRel|Win32
		MinSizeRel|x64 = MinSizeRel|x64
		Release|Any CPU = Release|Any CPU
		Release|Mixed Platforms = Release|Mixed Platforms
		Release|Win32 = Release|Win32
		Release|x64 = Release|x64
		RelWithDebInfo|Any CPU = RelWithDebInfo|Any CPU
		RelWithDebInfo|Mixed Platforms = RelWithDebInfo|Mixed Platforms
		RelWithDebInfo|Win32 = RelWithDebInfo|Win32
		RelWithDebInfo|x64 = RelWithDebInfo|x64
	EndGlobalSection
	GlobalSection(ProjectConfigurationPlatforms) = postSolution
		{D1A5570F-42C4-4DF1-B0D0-6F5AFE433F8F}.Debug|Any CPU.ActiveCfg = Debug|x64
		{D1A5570F-42C4-4DF1-B0D0-6F5AFE433F8F}.Debug|Mixed Platforms.ActiveCfg = Debug|x64
		{D1A5570F-42C4-4DF1-B0D0-6F5AFE433F8F}.Debug|Mixed Platforms.Build.0 = Debug|x64
		{D1A5570F-42C4-4DF1-B0D0-6F5AFE433F8F}.Debug|Win32.ActiveCfg = Debug|x64
		{D1A5570F-42C4-4DF1-B0D0-6F5AFE433F8F}.Debug|x64.ActiveCfg = Debug|x64
		{D1A5570F-42C4-4DF1-B0D0-6F5AFE433F8F}.Debug|x64.Build.0 = Debug|x64
		{D1A5570F-42C4-4DF1-B0D0-6F5AFE433F8F}.MinSizeRel|Any CPU.ActiveCfg = MinSizeRel|x64
		{D1A5570F-42C4-4DF1-B0D0-6F5AFE433F8F}.MinSizeRel|Mixed Platforms.ActiveCfg = MinSizeRel|x64
		{D1A5570F-42C4-4DF1-B0D0-6F5AFE433F8F}.MinSizeRel|Mixed Platforms.Build.0 = MinSizeRel|x64
		{D1A5570F-42C4-4DF1-B0D0-6F5AFE433F8F}.MinSizeRel|Win32.ActiveCfg = MinSizeRel|x64
		{D1A5570F-42C4-4DF1-B0D0-6F5AFE433F8F}.MinSizeRel|x64.ActiveCfg = MinSizeRel|x64
		{D1A5570F-42C4-4DF1-B0D0-6F5AFE433F8F}.MinSizeRel|x64.Build.0 = MinSizeRel|x64
		{D1A5570F-42C4-4DF1-B0D0-6F5AFE433F8F}.Release|Any CPU.ActiveCfg = Release|x64
		{D1A5570F-42C4-4DF1-B0D0-6F5AFE433F8F}.Release|Mixed Platforms.ActiveCfg = Release|x64
		{D1A5570F-42C4-4DF1-B0D0-6F5AFE433F8F}.Release|Mixed Platforms.Build.0 = Release|x64
		{D1A5570F-42C4-4DF1-B0D0-6F5AFE433F8F}.Release|Win32.ActiveCfg = Release|x64
		{D1A5570F-42C4-4DF1-B0D0-6F5AFE433F8F}.Release|x64.ActiveCfg = Release|x64
		{D1A5570F-42C4-4DF1-B0D0-6F5AFE433F8F}.Release|x64.Build.0 = Release|x64
		{D1A5570F-42C4-4DF1-B0D0-6F5AFE433F8F}.RelWithDebInfo|Any CPU.ActiveCfg = RelWithDebInfo|x64
		{D1A5570F-42C4-4DF1-B0D0-6F5AFE433F8F}.RelWithDebInfo|Mixed Platforms.ActiveCfg = RelWithDebInfo|x64
		{D1A5570F-42C4-4DF1-B0D0-6F5AFE433F8F}.RelWithDebInfo|Mixed Platforms.Build.0 = RelWithDebInfo|x64
		{D1A5570F-42C4-4DF1-B0D0-6F5AFE433F8F}.RelWithDebInfo|Win32.ActiveCfg = RelWithDebInfo|x64
		{D1A5570F-42C4-4DF1-B0D0-6F5AFE433F8F}.RelWithDebInfo|x64.ActiveCfg = RelWithDebInfo|x64
		{D1A5570F-42C4-4DF1-B0D0-6F5AFE433F8F}.RelWithDebInfo|x64.Build.0 = RelWithDebInfo|x64
		{8DD96596-38AC-46DD-80C1-75D9EBE585EA}.Debug|Any CPU.ActiveCfg = Debug|Any CPU
		{8DD96596-38AC-46DD-80C1-75D9EBE585EA}.Debug|Any CPU.Build.0 = Debug|Any CPU
		{8DD96596-38AC-46DD-80C1-75D9EBE585EA}.Debug|Mixed Platforms.ActiveCfg = Debug|Any CPU
		{8DD96596-38AC-46DD-80C1-75D9EBE585EA}.Debug|Mixed Platforms.Build.0 = Debug|Any CPU
		{8DD96596-38AC-46DD-80C1-75D9EBE585EA}.Debug|Win32.ActiveCfg = Debug|Any CPU
		{8DD96596-38AC-46DD-80C1-75D9EBE585EA}.Debug|Win32.Build.0 = Debug|Any CPU
		{8DD96596-38AC-46DD-80C1-75D9EBE585EA}.Debug|x64.ActiveCfg = Debug|Any CPU
		{8DD96596-38AC-46DD-80C1-75D9EBE585EA}.Debug|x64.Build.0 = Debug|Any CPU
		{8DD96596-38AC-46DD-80C1-75D9EBE585EA}.MinSizeRel|Any CPU.ActiveCfg = Release|Any CPU
		{8DD96596-38AC-46DD-80C1-75D9EBE585EA}.MinSizeRel|Any CPU.Build.0 = Release|Any CPU
		{8DD96596-38AC-46DD-80C1-75D9EBE585EA}.MinSizeRel|Mixed Platforms.ActiveCfg = Release|Any CPU
		{8DD96596-38AC-46DD-80C1-75D9EBE585EA}.MinSizeRel|Mixed Platforms.Build.0 = Release|Any CPU
		{8DD96596-38AC-46DD-80C1-75D9EBE585EA}.MinSizeRel|Win32.ActiveCfg = Release|Any CPU
		{8DD96596-38AC-46DD-80C1-75D9EBE585EA}.MinSizeRel|Win32.Build.0 = Release|Any CPU
		{8DD96596-38AC-46DD-80C1-75D9EBE585EA}.MinSizeRel|x64.ActiveCfg = Release|Any CPU
		{8DD96596-38AC-46DD-80C1-75D9EBE585EA}.MinSizeRel|x64.Build.0 = Release|Any CPU
		{8DD96596-38AC-46DD-80C1-75D9EBE585EA}.Release|Any CPU.ActiveCfg = Release|Any CPU
		{8DD96596-38AC-46DD-80C1-75D9EBE585EA}.Release|Any CPU.Build.0 = Release|Any CPU
		{8DD96596-38AC-46DD-80C1-75D9EBE585EA}.Release|Mixed Platforms.ActiveCfg = Release|Any CPU
		{8DD96596-38AC-46DD-80C1-75D9EBE585EA}.Release|Mixed Platforms.Build.0 = Release|Any CPU
		{8DD96596-38AC-46DD-80C1-75D9EBE585EA}.Release|Win32.ActiveCfg = Release|Any CPU
		{8DD96596-38AC-46DD-80C1-75D9EBE585EA}.Release|Win32.Build.0 = Release|Any CPU
		{8DD96596-38AC-46DD-80C1-75D9EBE585EA}.Release|x64.ActiveCfg = Release|Any CPU
		{8DD96596-38AC-46DD-80C1-75D9EBE585EA}.Release|x64.Build.0 = Release|Any CPU
		{8DD96596-38AC-46DD-80C1-75D9EBE585EA}.RelWithDebInfo|Any CPU.ActiveCfg = Release|Any CPU
		{8DD96596-38AC-46DD-80C1-75D9EBE585EA}.RelWithDebInfo|Any CPU.Build.0 = Release|Any CPU
		{8DD96596-38AC-46DD-80C1-75D9EBE585EA}.RelWithDebInfo|Mixed Platforms.ActiveCfg = Release|Any CPU
		{8DD96596-38AC-46DD-80C1-75D9EBE585EA}.RelWithDebInfo|Mixed Platforms.Build.0 = Release|Any CPU
		{8DD96596-38AC-46DD-80C1-75D9EBE585EA}.RelWithDebInfo|Win32.ActiveCfg = Release|Any CPU
		{8DD96596-38AC-46DD-80C1-75D9EBE585EA}.RelWithDebInfo|Win32.Build.0 = Release|Any CPU
		{8DD96596-38AC-46DD-80C1-75D9EBE585EA}.RelWithDebInfo|x64.ActiveCfg = Release|Any CPU
		{8DD96596-38AC-46DD-80C1-75D9EBE585EA}.RelWithDebInfo|x64.Build.0 = Release|Any CPU
		{FC8F0BD7-6066-4E47-AA84-E48DD0BEB46D}.Debug|Any CPU.ActiveCfg = Debug|x64
		{FC8F0BD7-6066-4E47-AA84-E48DD0BEB46D}.Debug|Mixed Platforms.ActiveCfg = Debug|x64
		{FC8F0BD7-6066-4E47-AA84-E48DD0BEB46D}.Debug|Mixed Platforms.Build.0 = Debug|x64
		{FC8F0BD7-6066-4E47-AA84-E48DD0BEB46D}.Debug|Win32.ActiveCfg = Debug|x64
		{FC8F0BD7-6066-4E47-AA84-E48DD0BEB46D}.Debug|x64.ActiveCfg = Debug|x64
		{FC8F0BD7-6066-4E47-AA84-E48DD0BEB46D}.Debug|x64.Build.0 = Debug|x64
		{FC8F0BD7-6066-4E47-AA84-E48DD0BEB46D}.MinSizeRel|Any CPU.ActiveCfg = Release|x64
		{FC8F0BD7-6066-4E47-AA84-E48DD0BEB46D}.MinSizeRel|Any CPU.Build.0 = Release|x64
		{FC8F0BD7-6066-4E47-AA84-E48DD0BEB46D}.MinSizeRel|Mixed Platforms.ActiveCfg = Release|x64
		{FC8F0BD7-6066-4E47-AA84-E48DD0BEB46D}.MinSizeRel|Mixed Platforms.Build.0 = Release|x64
		{FC8F0BD7-6066-4E47-AA84-E48DD0BEB46D}.MinSizeRel|Win32.ActiveCfg = Release|x64
		{FC8F0BD7-6066-4E47-AA84-E48DD0BEB46D}.MinSizeRel|Win32.Build.0 = Release|x64
		{FC8F0BD7-6066-4E47-AA84-E48DD0BEB46D}.MinSizeRel|x64.ActiveCfg = Release|x64
		{FC8F0BD7-6066-4E47-AA84-E48DD0BEB46D}.MinSizeRel|x64.Build.0 = Release|x64
		{FC8F0BD7-6066-4E47-AA84-E48DD0BEB46D}.Release|Any CPU.ActiveCfg = Release|x64
		{FC8F0BD7-6066-4E47-AA84-E48DD0BEB46D}.Release|Mixed Platforms.ActiveCfg = Release|x64
		{FC8F0BD7-6066-4E47-AA84-E48DD0BEB46D}.Release|Mixed Platforms.Build.0 = Release|x64
		{FC8F0BD7-6066-4E47-AA84-E48DD0BEB46D}.Release|Win32.ActiveCfg = Release|x64
		{FC8F0BD7-6066-4E47-AA84-E48DD0BEB46D}.Release|x64.ActiveCfg = Release|x64
		{FC8F0BD7-6066-4E47-AA84-E48DD0BEB46D}.Release|x64.Build.0 = Release|x64
		{FC8F0BD7-6066-4E47-AA84-E48DD0BEB46D}.RelWithDebInfo|Any CPU.ActiveCfg = Release|x64
		{FC8F0BD7-6066-4E47-AA84-E48DD0BEB46D}.RelWithDebInfo|Any CPU.Build.0 = Release|x64
		{FC8F0BD7-6066-4E47-AA84-E48DD0BEB46D}.RelWithDebInfo|Mixed Platforms.ActiveCfg = Release|x64
		{FC8F0BD7-6066-4E47-AA84-E48DD0BEB46D}.RelWithDebInfo|Mixed Platforms.Build.0 = Release|x64
		{FC8F0BD7-6066-4E47-AA84-E48DD0BEB46D}.RelWithDebInfo|Win32.ActiveCfg = Release|x64
		{FC8F0BD7-6066-4E47-AA84-E48DD0BEB46D}.RelWithDebInfo|Win32.Build.0 = Release|x64
		{FC8F0BD7-6066-4E47-AA84-E48DD0BEB46D}.RelWithDebInfo|x64.ActiveCfg = Release|x64
		{FC8F0BD7-6066-4E47-AA84-E48DD0BEB46D}.RelWithDebInfo|x64.Build.0 = Release|x64
		{D073C2CE-3111-40EF-A2BE-D50BED1DF9FE}.Debug|Any CPU.ActiveCfg = Debug|Any CPU
		{D073C2CE-3111-40EF-A2BE-D50BED1DF9FE}.Debug|Any CPU.Build.0 = Debug|Any CPU
		{D073C2CE-3111-40EF-A2BE-D50BED1DF9FE}.Debug|Mixed Platforms.ActiveCfg = Debug|Any CPU
		{D073C2CE-3111-40EF-A2BE-D50BED1DF9FE}.Debug|Mixed Platforms.Build.0 = Debug|Any CPU
		{D073C2CE-3111-40EF-A2BE-D50BED1DF9FE}.Debug|Win32.ActiveCfg = Debug|Any CPU
		{D073C2CE-3111-40EF-A2BE-D50BED1DF9FE}.Debug|Win32.Build.0 = Debug|Any CPU
		{D073C2CE-3111-40EF-A2BE-D50BED1DF9FE}.Debug|x64.ActiveCfg = Debug|Any CPU
		{D073C2CE-3111-40EF-A2BE-D50BED1DF9FE}.Debug|x64.Build.0 = Debug|Any CPU
		{D073C2CE-3111-40EF-A2BE-D50BED1DF9FE}.MinSizeRel|Any CPU.ActiveCfg = Release|Any CPU
		{D073C2CE-3111-40EF-A2BE-D50BED1DF9FE}.MinSizeRel|Any CPU.Build.0 = Release|Any CPU
		{D073C2CE-3111-40EF-A2BE-D50BED1DF9FE}.MinSizeRel|Mixed Platforms.ActiveCfg = Release|Any CPU
		{D073C2CE-3111-40EF-A2BE-D50BED1DF9FE}.MinSizeRel|Mixed Platforms.Build.0 = Release|Any CPU
		{D073C2CE-3111-40EF-A2BE-D50BED1DF9FE}.MinSizeRel|Win32.ActiveCfg = Release|Any CPU
		{D073C2CE-3111-40EF-A2BE-D50BED1DF9FE}.MinSizeRel|Win32.Build.0 = Release|Any CPU
		{D073C2CE-3111-40EF-A2BE-D50BED1DF9FE}.MinSizeRel|x64.ActiveCfg = Release|Any CPU
		{D073C2CE-3111-40EF-A2BE-D50BED1DF9FE}.MinSizeRel|x64.Build.0 = Release|Any CPU
		{D073C2CE-3111-40EF-A2BE-D50BED1DF9FE}.Release|Any CPU.ActiveCfg = Release|Any CPU
		{D073C2CE-3111-40EF-A2BE-D50BED1DF9FE}.Release|Any CPU.Build.0 = Release|Any CPU
		{D073C2CE-3111-40EF-A2BE-D50BED1DF9FE}.Release|Mixed Platforms.ActiveCfg = Release|Any CPU
		{D073C2CE-3111-40EF-A2BE-D50BED1DF9FE}.Release|Mixed Platforms.Build.0 = Release|Any CPU
		{D073C2CE-3111-40EF-A2BE-D50BED1DF9FE}.Release|Win32.ActiveCfg = Release|Any CPU
		{D073C2CE-3111-40EF-A2BE-D50BED1DF9FE}.Release|Win32.Build.0 = Release|Any CPU
		{D073C2CE-3111-40EF-A2BE-D50BED1DF9FE}.Release|x64.ActiveCfg = Release|Any CPU
		{D073C2CE-3111-40EF-A2BE-D50BED1DF9FE}.Release|x64.Build.0 = Release|Any CPU
		{D073C2CE-3111-40EF-A2BE-D50BED1DF9FE}.RelWithDebInfo|Any CPU.ActiveCfg = Release|Any CPU
		{D073C2CE-3111-40EF-A2BE-D50BED1DF9FE}.RelWithDebInfo|Any CPU.Build.0 = Release|Any CPU
		{D073C2CE-3111-40EF-A2BE-D50BED1DF9FE}.RelWithDebInfo|Mixed Platforms.ActiveCfg = Release|Any CPU
		{D073C2CE-3111-40EF-A2BE-D50BED1DF9FE}.RelWithDebInfo|Mixed Platforms.Build.0 = Release|Any CPU
		{D073C2CE-3111-40EF-A2BE-D50BED1DF9FE}.RelWithDebInfo|Win32.ActiveCfg = Release|Any CPU
		{D073C2CE-3111-40EF-A2BE-D50BED1DF9FE}.RelWithDebInfo|Win32.Build.0 = Release|Any CPU
		{D073C2CE-3111-40EF-A2BE-D50BED1DF9FE}.RelWithDebInfo|x64.ActiveCfg = Release|Any CPU
		{D073C2CE-3111-40EF-A2BE-D50BED1DF9FE}.RelWithDebInfo|x64.Build.0 = Release|Any CPU
	EndGlobalSection
	GlobalSection(SolutionProperties) = preSolution
		HideSolutionNode = FALSE
	EndGlobalSection
EndGlobal
